
Microsoft Visual Studio Solution File, Format Version 12.00
# Visual Studio Version 17
VisualStudioVersion = 17.7.34031.279
MinimumVisualStudioVersion = 10.0.40219.1
Project("{FAE04EC0-301F-11D3-BF4B-00C04F79EFBC}") = "Дей Егор", "Дей Егор\Дей Егор.csproj", "{5028A062-192B-40A5-8205-45ABFD7F276E}"
EndProject
Global
	GlobalSection(SolutionConfigurationPlatforms) = preSolution
		Debug|Any CPU = Debug|Any CPU
		Release|Any CPU = Release|Any CPU
	EndGlobalSection
	GlobalSection(ProjectConfigurationPlatforms) = postSolution
		{5028A062-192B-40A5-8205-45ABFD7F276E}.Debug|Any CPU.ActiveCfg = Debug|Any CPU
		{5028A062-192B-40A5-8205-45ABFD7F276E}.Debug|Any CPU.Build.0 = Debug|Any CPU
		{5028A062-192B-40A5-8205-45ABFD7F276E}.Release|Any CPU.ActiveCfg = Release|Any CPU
		{5028A062-192B-40A5-8205-45ABFD7F276E}.Release|Any CPU.Build.0 = Release|Any CPU
	EndGlobalSection
	GlobalSection(SolutionProperties) = preSolution
		HideSolutionNode = FALSE
	EndGlobalSection
	GlobalSection(ExtensibilityGlobals) = postSolution
		SolutionGuid = {32126C05-0CF2-4B9D-A76D-F4261F51EE99}
	EndGlobalSection
EndGlobal
